
Microsoft Visual Studio Solution File, Format Version 12.00
# Visual Studio 2013
VisualStudioVersion = 12.0.40629.0
MinimumVisualStudioVersion = 10.0.40219.1
Project("{2150E333-8FDC-42A3-9474-1A3956D46DE8}") = "Data", "Data", "{BEC6FD0E-6C28-40A3-AA90-B42DCD790E17}"
EndProject
Project("{2150E333-8FDC-42A3-9474-1A3956D46DE8}") = "Web", "Web", "{FEC57E65-2E7E-4F13-8C71-06F37365A9E0}"
EndProject
Project("{FAE04EC0-301F-11D3-BF4B-00C04F79EFBC}") = "ContactsInformation.Data", "Data\ContactsInformation.Data\ContactsInformation.Data.csproj", "{A8E65D8A-357C-4CA2-A44F-B83050DE1064}"
EndProject
Project("{FAE04EC0-301F-11D3-BF4B-00C04F79EFBC}") = "ContactsInformation.Data.Common", "Data\ContactsInformation.Data.Common\ContactsInformation.Data.Common.csproj", "{632C18BE-F199-4B74-8C47-E0B82B4A0346}"
EndProject
Project("{FAE04EC0-301F-11D3-BF4B-00C04F79EFBC}") = "ContactsInformation.Data.Models", "Data\ContactsInformation.Data.Models\ContactsInformation.Data.Models.csproj", "{3712AA39-1CF6-4C74-BC6A-5E860F8BD2CF}"
EndProject
Project("{FAE04EC0-301F-11D3-BF4B-00C04F79EFBC}") = "ContactsInformation.Web", "Web\ContactsInformation.Web\ContactsInformation.Web.csproj", "{1289DD95-6077-4E19-9886-2379077D88A3}"
EndProject
Global
	GlobalSection(SolutionConfigurationPlatforms) = preSolution
		Debug|Any CPU = Debug|Any CPU
		Release|Any CPU = Release|Any CPU
	EndGlobalSection
	GlobalSection(ProjectConfigurationPlatforms) = postSolution
		{A8E65D8A-357C-4CA2-A44F-B83050DE1064}.Debug|Any CPU.ActiveCfg = Debug|Any CPU
		{A8E65D8A-357C-4CA2-A44F-B83050DE1064}.Debug|Any CPU.Build.0 = Debug|Any CPU
		{A8E65D8A-357C-4CA2-A44F-B83050DE1064}.Release|Any CPU.ActiveCfg = Release|Any CPU
		{A8E65D8A-357C-4CA2-A44F-B83050DE1064}.Release|Any CPU.Build.0 = Release|Any CPU
		{632C18BE-F199-4B74-8C47-E0B82B4A0346}.Debug|Any CPU.ActiveCfg = Debug|Any CPU
		{632C18BE-F199-4B74-8C47-E0B82B4A0346}.Debug|Any CPU.Build.0 = Debug|Any CPU
		{632C18BE-F199-4B74-8C47-E0B82B4A0346}.Release|Any CPU.ActiveCfg = Release|Any CPU
		{632C18BE-F199-4B74-8C47-E0B82B4A0346}.Release|Any CPU.Build.0 = Release|Any CPU
		{3712AA39-1CF6-4C74-BC6A-5E860F8BD2CF}.Debug|Any CPU.ActiveCfg = Debug|Any CPU
		{3712AA39-1CF6-4C74-BC6A-5E860F8BD2CF}.Debug|Any CPU.Build.0 = Debug|Any CPU
		{3712AA39-1CF6-4C74-BC6A-5E860F8BD2CF}.Release|Any CPU.ActiveCfg = Release|Any CPU
		{3712AA39-1CF6-4C74-BC6A-5E860F8BD2CF}.Release|Any CPU.Build.0 = Release|Any CPU
		{1289DD95-6077-4E19-9886-2379077D88A3}.Debug|Any CPU.ActiveCfg = Debug|Any CPU
		{1289DD95-6077-4E19-9886-2379077D88A3}.Debug|Any CPU.Build.0 = Debug|Any CPU
		{1289DD95-6077-4E19-9886-2379077D88A3}.Release|Any CPU.ActiveCfg = Release|Any CPU
		{1289DD95-6077-4E19-9886-2379077D88A3}.Release|Any CPU.Build.0 = Release|Any CPU
	EndGlobalSection
	GlobalSection(SolutionProperties) = preSolution
		HideSolutionNode = FALSE
	EndGlobalSection
	GlobalSection(NestedProjects) = preSolution
		{A8E65D8A-357C-4CA2-A44F-B83050DE1064} = {BEC6FD0E-6C28-40A3-AA90-B42DCD790E17}
		{632C18BE-F199-4B74-8C47-E0B82B4A0346} = {BEC6FD0E-6C28-40A3-AA90-B42DCD790E17}
		{3712AA39-1CF6-4C74-BC6A-5E860F8BD2CF} = {BEC6FD0E-6C28-40A3-AA90-B42DCD790E17}
		{1289DD95-6077-4E19-9886-2379077D88A3} = {FEC57E65-2E7E-4F13-8C71-06F37365A9E0}
	EndGlobalSection
EndGlobal
